
Microsoft Visual Studio Solution File, Format Version 12.00
# Visual Studio Version 17
VisualStudioVersion = 17.10.35013.160
MinimumVisualStudioVersion = 10.0.40219.1
Project("{FAE04EC0-301F-11D3-BF4B-00C04F79EFBC}") = "SpaceVc", "SpaceVc\SpaceVc.csproj", "{512945D5-6BDD-494E-B01C-5946B748EBC0}"
EndProject
Global
	GlobalSection(SolutionConfigurationPlatforms) = preSolution
		Debug|Any CPU = Debug|Any CPU
		Release|Any CPU = Release|Any CPU
	EndGlobalSection
	GlobalSection(ProjectConfigurationPlatforms) = postSolution
		{512945D5-6BDD-494E-B01C-5946B748EBC0}.Debug|Any CPU.ActiveCfg = Debug|Any CPU
		{512945D5-6BDD-494E-B01C-5946B748EBC0}.Debug|Any CPU.Build.0 = Debug|Any CPU
		{512945D5-6BDD-494E-B01C-5946B748EBC0}.Release|Any CPU.ActiveCfg = Release|Any CPU
		{512945D5-6BDD-494E-B01C-5946B748EBC0}.Release|Any CPU.Build.0 = Release|Any CPU
	EndGlobalSection
	GlobalSection(SolutionProperties) = preSolution
		HideSolutionNode = FALSE
	EndGlobalSection
	GlobalSection(ExtensibilityGlobals) = postSolution
		SolutionGuid = {7AF44CC1-FD98-4371-A236-54B65479346C}
	EndGlobalSection
EndGlobal
